
Microsoft Visual Studio Solution File, Format Version 12.00
# Visual Studio Version 16
VisualStudioVersion = 16.0.29728.190
MinimumVisualStudioVersion = 10.0.40219.1
Project("{FAE04EC0-301F-11D3-BF4B-00C04F79EFBC}") = "ContactList", "ContactList\ContactList.csproj", "{3E88CB45-8EB7-44B5-9E36-A627CF02163E}"
EndProject
Project("{FAE04EC0-301F-11D3-BF4B-00C04F79EFBC}") = "ContactListTests", "ContactListTests\ContactListTests.csproj", "{7621930D-85B8-4047-8C99-FE637E3F8CE7}"
EndProject
Global
	GlobalSection(SolutionConfigurationPlatforms) = preSolution
		Debug|Any CPU = Debug|Any CPU
		Release|Any CPU = Release|Any CPU
	EndGlobalSection
	GlobalSection(ProjectConfigurationPlatforms) = postSolution
		{3E88CB45-8EB7-44B5-9E36-A627CF02163E}.Debug|Any CPU.ActiveCfg = Debug|Any CPU
		{3E88CB45-8EB7-44B5-9E36-A627CF02163E}.Debug|Any CPU.Build.0 = Debug|Any CPU
		{3E88CB45-8EB7-44B5-9E36-A627CF02163E}.Release|Any CPU.ActiveCfg = Release|Any CPU
		{3E88CB45-8EB7-44B5-9E36-A627CF02163E}.Release|Any CPU.Build.0 = Release|Any CPU
		{7621930D-85B8-4047-8C99-FE637E3F8CE7}.Debug|Any CPU.ActiveCfg = Debug|Any CPU
		{7621930D-85B8-4047-8C99-FE637E3F8CE7}.Debug|Any CPU.Build.0 = Debug|Any CPU
		{7621930D-85B8-4047-8C99-FE637E3F8CE7}.Release|Any CPU.ActiveCfg = Release|Any CPU
		{7621930D-85B8-4047-8C99-FE637E3F8CE7}.Release|Any CPU.Build.0 = Release|Any CPU
	EndGlobalSection
	GlobalSection(SolutionProperties) = preSolution
		HideSolutionNode = FALSE
	EndGlobalSection
	GlobalSection(ExtensibilityGlobals) = postSolution
		SolutionGuid = {B328E65B-FC3C-48EB-B4B6-7AB655347149}
	EndGlobalSection
EndGlobal
